
Microsoft Visual Studio Solution File, Format Version 12.00
# Visual Studio Version 16
VisualStudioVersion = 16.0.31829.152
MinimumVisualStudioVersion = 10.0.40219.1
Project("{FAE04EC0-301F-11D3-BF4B-00C04F79EFBC}") = "Task16.1", "Task16\Task16.1.csproj", "{FCECB782-251E-49EE-AFD7-00B86DA25269}"
EndProject
Project("{FAE04EC0-301F-11D3-BF4B-00C04F79EFBC}") = "Task16.2", "Task16.2\Task16.2.csproj", "{F9254639-FCA1-4640-8FE9-9A960632ECFC}"
EndProject
Global
	GlobalSection(SolutionConfigurationPlatforms) = preSolution
		Debug|Any CPU = Debug|Any CPU
		Release|Any CPU = Release|Any CPU
	EndGlobalSection
	GlobalSection(ProjectConfigurationPlatforms) = postSolution
		{FCECB782-251E-49EE-AFD7-00B86DA25269}.Debug|Any CPU.ActiveCfg = Debug|Any CPU
		{FCECB782-251E-49EE-AFD7-00B86DA25269}.Debug|Any CPU.Build.0 = Debug|Any CPU
		{FCECB782-251E-49EE-AFD7-00B86DA25269}.Release|Any CPU.ActiveCfg = Release|Any CPU
		{FCECB782-251E-49EE-AFD7-00B86DA25269}.Release|Any CPU.Build.0 = Release|Any CPU
		{F9254639-FCA1-4640-8FE9-9A960632ECFC}.Debug|Any CPU.ActiveCfg = Debug|Any CPU
		{F9254639-FCA1-4640-8FE9-9A960632ECFC}.Debug|Any CPU.Build.0 = Debug|Any CPU
		{F9254639-FCA1-4640-8FE9-9A960632ECFC}.Release|Any CPU.ActiveCfg = Release|Any CPU
		{F9254639-FCA1-4640-8FE9-9A960632ECFC}.Release|Any CPU.Build.0 = Release|Any CPU
	EndGlobalSection
	GlobalSection(SolutionProperties) = preSolution
		HideSolutionNode = FALSE
	EndGlobalSection
	GlobalSection(ExtensibilityGlobals) = postSolution
		SolutionGuid = {D67A685A-BDAD-4CB7-B97B-93DDAA63EB30}
	EndGlobalSection
EndGlobal
